
Microsoft Visual Studio Solution File, Format Version 12.00
# Visual Studio Version 16
VisualStudioVersion = 16.0.29806.167
MinimumVisualStudioVersion = 10.0.40219.1
Project("{FAE04EC0-301F-11D3-BF4B-00C04F79EFBC}") = "BrickController2.Android", "BrickController2\BrickController2.Android\BrickController2.Android.csproj", "{A82CFFAA-423D-473B-820C-174F7AE48B7E}"
EndProject
Project("{FAE04EC0-301F-11D3-BF4B-00C04F79EFBC}") = "BrickController2.iOS", "BrickController2\BrickController2.iOS\BrickController2.iOS.csproj", "{E52D9D91-6F31-42E2-8261-D85AA62D39D1}"
EndProject
Project("{9A19103F-16F7-4668-BE54-9A1E7A4F7556}") = "BrickController2", "BrickController2\BrickController2\BrickController2.csproj", "{852D9034-471A-42D0-8701-63D12E2EDACA}"
EndProject
Global
	GlobalSection(SolutionConfigurationPlatforms) = preSolution
		Ad-Hoc|Any CPU = Ad-Hoc|Any CPU
		Ad-Hoc|iPhone = Ad-Hoc|iPhone
		Ad-Hoc|iPhoneSimulator = Ad-Hoc|iPhoneSimulator
		AppStore|Any CPU = AppStore|Any CPU
		AppStore|iPhone = AppStore|iPhone
		AppStore|iPhoneSimulator = AppStore|iPhoneSimulator
		Debug|Any CPU = Debug|Any CPU
		Debug|iPhone = Debug|iPhone
		Debug|iPhoneSimulator = Debug|iPhoneSimulator
		Release|Any CPU = Release|Any CPU
		Release|iPhone = Release|iPhone
		Release|iPhoneSimulator = Release|iPhoneSimulator
	EndGlobalSection
	GlobalSection(ProjectConfigurationPlatforms) = postSolution
		{A82CFFAA-423D-473B-820C-174F7AE48B7E}.Ad-Hoc|Any CPU.ActiveCfg = Release|Any CPU
		{A82CFFAA-423D-473B-820C-174F7AE48B7E}.Ad-Hoc|Any CPU.Build.0 = Release|Any CPU
		{A82CFFAA-423D-473B-820C-174F7AE48B7E}.Ad-Hoc|Any CPU.Deploy.0 = Release|Any CPU
		{A82CFFAA-423D-473B-820C-174F7AE48B7E}.Ad-Hoc|iPhone.ActiveCfg = Release|Any CPU
		{A82CFFAA-423D-473B-820C-174F7AE48B7E}.Ad-Hoc|iPhone.Build.0 = Release|Any CPU
		{A82CFFAA-423D-473B-820C-174F7AE48B7E}.Ad-Hoc|iPhone.Deploy.0 = Release|Any CPU
		{A82CFFAA-423D-473B-820C-174F7AE48B7E}.Ad-Hoc|iPhoneSimulator.ActiveCfg = Release|Any CPU
		{A82CFFAA-423D-473B-820C-174F7AE48B7E}.Ad-Hoc|iPhoneSimulator.Build.0 = Release|Any CPU
		{A82CFFAA-423D-473B-820C-174F7AE48B7E}.Ad-Hoc|iPhoneSimulator.Deploy.0 = Release|Any CPU
		{A82CFFAA-423D-473B-820C-174F7AE48B7E}.AppStore|Any CPU.ActiveCfg = Release|Any CPU
		{A82CFFAA-423D-473B-820C-174F7AE48B7E}.AppStore|Any CPU.Build.0 = Release|Any CPU
		{A82CFFAA-423D-473B-820C-174F7AE48B7E}.AppStore|Any CPU.Deploy.0 = Release|Any CPU
		{A82CFFAA-423D-473B-820C-174F7AE48B7E}.AppStore|iPhone.ActiveCfg = Release|Any CPU
		{A82CFFAA-423D-473B-820C-174F7AE48B7E}.AppStore|iPhone.Build.0 = Release|Any CPU
		{A82CFFAA-423D-473B-820C-174F7AE48B7E}.AppStore|iPhone.Deploy.0 = Release|Any CPU
		{A82CFFAA-423D-473B-820C-174F7AE48B7E}.AppStore|iPhoneSimulator.ActiveCfg = Release|Any CPU
		{A82CFFAA-423D-473B-820C-174F7AE48B7E}.AppStore|iPhoneSimulator.Build.0 = Release|Any CPU
		{A82CFFAA-423D-473B-820C-174F7AE48B7E}.AppStore|iPhoneSimulator.Deploy.0 = Release|Any CPU
		{A82CFFAA-423D-473B-820C-174F7AE48B7E}.Debug|Any CPU.ActiveCfg = Debug|Any CPU
		{A82CFFAA-423D-473B-820C-174F7AE48B7E}.Debug|Any CPU.Build.0 = Debug|Any CPU
		{A82CFFAA-423D-473B-820C-174F7AE48B7E}.Debug|Any CPU.Deploy.0 = Debug|Any CPU
		{A82CFFAA-423D-473B-820C-174F7AE48B7E}.Debug|iPhone.ActiveCfg = Debug|Any CPU
		{A82CFFAA-423D-473B-820C-174F7AE48B7E}.Debug|iPhone.Build.0 = Debug|Any CPU
		{A82CFFAA-423D-473B-820C-174F7AE48B7E}.Debug|iPhone.Deploy.0 = Debug|Any CPU
		{A82CFFAA-423D-473B-820C-174F7AE48B7E}.Debug|iPhoneSimulator.ActiveCfg = Debug|Any CPU
		{A82CFFAA-423D-473B-820C-174F7AE48B7E}.Debug|iPhoneSimulator.Build.0 = Debug|Any CPU
		{A82CFFAA-423D-473B-820C-174F7AE48B7E}.Debug|iPhoneSimulator.Deploy.0 = Debug|Any CPU
		{A82CFFAA-423D-473B-820C-174F7AE48B7E}.Release|Any CPU.ActiveCfg = Release|Any CPU
		{A82CFFAA-423D-473B-820C-174F7AE48B7E}.Release|Any CPU.Build.0 = Release|Any CPU
		{A82CFFAA-423D-473B-820C-174F7AE48B7E}.Release|Any CPU.Deploy.0 = Release|Any CPU
		{A82CFFAA-423D-473B-820C-174F7AE48B7E}.Release|iPhone.ActiveCfg = Release|Any CPU
		{A82CFFAA-423D-473B-820C-174F7AE48B7E}.Release|iPhone.Build.0 = Release|Any CPU
		{A82CFFAA-423D-473B-820C-174F7AE48B7E}.Release|iPhone.Deploy.0 = Release|Any CPU
		{A82CFFAA-423D-473B-820C-174F7AE48B7E}.Release|iPhoneSimulator.ActiveCfg = Release|Any CPU
		{A82CFFAA-423D-473B-820C-174F7AE48B7E}.Release|iPhoneSimulator.Build.0 = Release|Any CPU
		{A82CFFAA-423D-473B-820C-174F7AE48B7E}.Release|iPhoneSimulator.Deploy.0 = Release|Any CPU
		{E52D9D91-6F31-42E2-8261-D85AA62D39D1}.Ad-Hoc|Any CPU.ActiveCfg = Ad-Hoc|iPhone
		{E52D9D91-6F31-42E2-8261-D85AA62D39D1}.Ad-Hoc|Any CPU.Build.0 = Ad-Hoc|iPhone
		{E52D9D91-6F31-42E2-8261-D85AA62D39D1}.Ad-Hoc|Any CPU.Deploy.0 = Ad-Hoc|iPhone
		{E52D9D91-6F31-42E2-8261-D85AA62D39D1}.Ad-Hoc|iPhone.ActiveCfg = Ad-Hoc|iPhone
		{E52D9D91-6F31-42E2-8261-D85AA62D39D1}.Ad-Hoc|iPhone.Build.0 = Ad-Hoc|iPhone
		{E52D9D91-6F31-42E2-8261-D85AA62D39D1}.Ad-Hoc|iPhone.Deploy.0 = Ad-Hoc|iPhone
		{E52D9D91-6F31-42E2-8261-D85AA62D39D1}.Ad-Hoc|iPhoneSimulator.ActiveCfg = Ad-Hoc|iPhoneSimulator
		{E52D9D91-6F31-42E2-8261-D85AA62D39D1}.Ad-Hoc|iPhoneSimulator.Build.0 = Ad-Hoc|iPhoneSimulator
		{E52D9D91-6F31-42E2-8261-D85AA62D39D1}.Ad-Hoc|iPhoneSimulator.Deploy.0 = Ad-Hoc|iPhoneSimulator
		{E52D9D91-6F31-42E2-8261-D85AA62D39D1}.AppStore|Any CPU.ActiveCfg = AppStore|iPhone
		{E52D9D91-6F31-42E2-8261-D85AA62D39D1}.AppStore|Any CPU.Build.0 = AppStore|iPhone
		{E52D9D91-6F31-42E2-8261-D85AA62D39D1}.AppStore|Any CPU.Deploy.0 = AppStore|iPhone
		{E52D9D91-6F31-42E2-8261-D85AA62D39D1}.AppStore|iPhone.ActiveCfg = AppStore|iPhone
		{E52D9D91-6F31-42E2-8261-D85AA62D39D1}.AppStore|iPhone.Build.0 = AppStore|iPhone
		{E52D9D91-6F31-42E2-8261-D85AA62D39D1}.AppStore|iPhone.Deploy.0 = AppStore|iPhone
		{E52D9D91-6F31-42E2-8261-D85AA62D39D1}.AppStore|iPhoneSimulator.ActiveCfg = AppStore|iPhoneSimulator
		{E52D9D91-6F31-42E2-8261-D85AA62D39D1}.AppStore|iPhoneSimulator.Build.0 = AppStore|iPhoneSimulator
		{E52D9D91-6F31-42E2-8261-D85AA62D39D1}.AppStore|iPhoneSimulator.Deploy.0 = AppStore|iPhoneSimulator
		{E52D9D91-6F31-42E2-8261-D85AA62D39D1}.Debug|Any CPU.ActiveCfg = Debug|iPhoneSimulator
		{E52D9D91-6F31-42E2-8261-D85AA62D39D1}.Debug|Any CPU.Build.0 = Debug|iPhoneSimulator
		{E52D9D91-6F31-42E2-8261-D85AA62D39D1}.Debug|Any CPU.Deploy.0 = Debug|iPhoneSimulator
		{E52D9D91-6F31-42E2-8261-D85AA62D39D1}.Debug|iPhone.ActiveCfg = Debug|iPhone
		{E52D9D91-6F31-42E2-8261-D85AA62D39D1}.Debug|iPhone.Build.0 = Debug|iPhone
		{E52D9D91-6F31-42E2-8261-D85AA62D39D1}.Debug|iPhone.Deploy.0 = Debug|iPhone
		{E52D9D91-6F31-42E2-8261-D85AA62D39D1}.Debug|iPhoneSimulator.ActiveCfg = Debug|iPhoneSimulator
		{E52D9D91-6F31-42E2-8261-D85AA62D39D1}.Debug|iPhoneSimulator.Build.0 = Debug|iPhoneSimulator
		{E52D9D91-6F31-42E2-8261-D85AA62D39D1}.Debug|iPhoneSimulator.Deploy.0 = Debug|iPhoneSimulator
		{E52D9D91-6F31-42E2-8261-D85AA62D39D1}.Release|Any CPU.ActiveCfg = Release|iPhone
		{E52D9D91-6F31-42E2-8261-D85AA62D39D1}.Release|Any CPU.Build.0 = Release|iPhone
		{E52D9D91-6F31-42E2-8261-D85AA62D39D1}.Release|Any CPU.Deploy.0 = Release|iPhone
		{E52D9D91-6F31-42E2-8261-D85AA62D39D1}.Release|iPhone.ActiveCfg = Release|iPhone
		{E52D9D91-6F31-42E2-8261-D85AA62D39D1}.Release|iPhone.Build.0 = Release|iPhone
		{E52D9D91-6F31-42E2-8261-D85AA62D39D1}.Release|iPhone.Deploy.0 = Release|iPhone
		{E52D9D91-6F31-42E2-8261-D85AA62D39D1}.Release|iPhoneSimulator.ActiveCfg = Release|iPhoneSimulator
		{E52D9D91-6F31-42E2-8261-D85AA62D39D1}.Release|iPhoneSimulator.Build.0 = Release|iPhoneSimulator
		{E52D9D91-6F31-42E2-8261-D85AA62D39D1}.Release|iPhoneSimulator.Deploy.0 = Release|iPhoneSimulator
		{852D9034-471A-42D0-8701-63D12E2EDACA}.Ad-Hoc|Any CPU.ActiveCfg = Debug|Any CPU
		{852D9034-471A-42D0-8701-63D12E2EDACA}.Ad-Hoc|Any CPU.Build.0 = Debug|Any CPU
		{852D9034-471A-42D0-8701-63D12E2EDACA}.Ad-Hoc|Any CPU.Deploy.0 = Debug|Any CPU
		{852D9034-471A-42D0-8701-63D12E2EDACA}.Ad-Hoc|iPhone.ActiveCfg = Debug|Any CPU
		{852D9034-471A-42D0-8701-63D12E2EDACA}.Ad-Hoc|iPhone.Build.0 = Debug|Any CPU
		{852D9034-471A-42D0-8701-63D12E2EDACA}.Ad-Hoc|iPhone.Deploy.0 = Debug|Any CPU
		{852D9034-471A-42D0-8701-63D12E2EDACA}.Ad-Hoc|iPhoneSimulator.ActiveCfg = Debug|Any CPU
		{852D9034-471A-42D0-8701-63D12E2EDACA}.Ad-Hoc|iPhoneSimulator.Build.0 = Debug|Any CPU
		{852D9034-471A-42D0-8701-63D12E2EDACA}.Ad-Hoc|iPhoneSimulator.Deploy.0 = Debug|Any CPU
		{852D9034-471A-42D0-8701-63D12E2EDACA}.AppStore|Any CPU.ActiveCfg = Debug|Any CPU
		{852D9034-471A-42D0-8701-63D12E2EDACA}.AppStore|Any CPU.Build.0 = Debug|Any CPU
		{852D9034-471A-42D0-8701-63D12E2EDACA}.AppStore|Any CPU.Deploy.0 = Debug|Any CPU
		{852D9034-471A-42D0-8701-63D12E2EDACA}.AppStore|iPhone.ActiveCfg = Debug|Any CPU
		{852D9034-471A-42D0-8701-63D12E2EDACA}.AppStore|iPhone.Build.0 = Debug|Any CPU
		{852D9034-471A-42D0-8701-63D12E2EDACA}.AppStore|iPhone.Deploy.0 = Debug|Any CPU
		{852D9034-471A-42D0-8701-63D12E2EDACA}.AppStore|iPhoneSimulator.ActiveCfg = Debug|Any CPU
		{852D9034-471A-42D0-8701-63D12E2EDACA}.AppStore|iPhoneSimulator.Build.0 = Debug|Any CPU
		{852D9034-471A-42D0-8701-63D12E2EDACA}.AppStore|iPhoneSimulator.Deploy.0 = Debug|Any CPU
		{852D9034-471A-42D0-8701-63D12E2EDACA}.Debug|Any CPU.ActiveCfg = Debug|Any CPU
		{852D9034-471A-42D0-8701-63D12E2EDACA}.Debug|Any CPU.Build.0 = Debug|Any CPU
		{852D9034-471A-42D0-8701-63D12E2EDACA}.Debug|Any CPU.Deploy.0 = Debug|Any CPU
		{852D9034-471A-42D0-8701-63D12E2EDACA}.Debug|iPhone.ActiveCfg = Debug|Any CPU
		{852D9034-471A-42D0-8701-63D12E2EDACA}.Debug|iPhone.Build.0 = Debug|Any CPU
		{852D9034-471A-42D0-8701-63D12E2EDACA}.Debug|iPhone.Deploy.0 = Debug|Any CPU
		{852D9034-471A-42D0-8701-63D12E2EDACA}.Debug|iPhoneSimulator.ActiveCfg = Debug|Any CPU
		{852D9034-471A-42D0-8701-63D12E2EDACA}.Debug|iPhoneSimulator.Build.0 = Debug|Any CPU
		{852D9034-471A-42D0-8701-63D12E2EDACA}.Debug|iPhoneSimulator.Deploy.0 = Debug|Any CPU
		{852D9034-471A-42D0-8701-63D12E2EDACA}.Release|Any CPU.ActiveCfg = Release|Any CPU
		{852D9034-471A-42D0-8701-63D12E2EDACA}.Release|Any CPU.Build.0 = Release|Any CPU
		{852D9034-471A-42D0-8701-63D12E2EDACA}.Release|Any CPU.Deploy.0 = Release|Any CPU
		{852D9034-471A-42D0-8701-63D12E2EDACA}.Release|iPhone.ActiveCfg = Release|Any CPU
		{852D9034-471A-42D0-8701-63D12E2EDACA}.Release|iPhone.Build.0 = Release|Any CPU
		{852D9034-471A-42D0-8701-63D12E2EDACA}.Release|iPhone.Deploy.0 = Release|Any CPU
		{852D9034-471A-42D0-8701-63D12E2EDACA}.Release|iPhoneSimulator.ActiveCfg = Release|Any CPU
		{852D9034-471A-42D0-8701-63D12E2EDACA}.Release|iPhoneSimulator.Build.0 = Release|Any CPU
		{852D9034-471A-42D0-8701-63D12E2EDACA}.Release|iPhoneSimulator.Deploy.0 = Release|Any CPU
	EndGlobalSection
	GlobalSection(SolutionProperties) = preSolution
		HideSolutionNode = FALSE
	EndGlobalSection
	GlobalSection(ExtensibilityGlobals) = postSolution
		SolutionGuid = {024A01F8-4022-4F9E-A006-AC2CABB04620}
	EndGlobalSection
EndGlobal
